
Microsoft Visual Studio Solution File, Format Version 12.00
# Visual Studio 2013
VisualStudioVersion = 12.0.21005.1
MinimumVisualStudioVersion = 10.0.40219.1
Project("{FAE04EC0-301F-11D3-BF4B-00C04F79EFBC}") = "Stanford.NER.Net", "Stanford.NER.Net\Stanford.NER.Net.csproj", "{3571EA8D-1E5F-41E1-8997-B434D90D04EB}"
EndProject
Global
	GlobalSection(SolutionConfigurationPlatforms) = preSolution
		Debug|Any CPU = Debug|Any CPU
		Release|Any CPU = Release|Any CPU
	EndGlobalSection
	GlobalSection(ProjectConfigurationPlatforms) = postSolution
		{3571EA8D-1E5F-41E1-8997-B434D90D04EB}.Debug|Any CPU.ActiveCfg = Debug|Any CPU
		{3571EA8D-1E5F-41E1-8997-B434D90D04EB}.Debug|Any CPU.Build.0 = Debug|Any CPU
		{3571EA8D-1E5F-41E1-8997-B434D90D04EB}.Release|Any CPU.ActiveCfg = Release|Any CPU
		{3571EA8D-1E5F-41E1-8997-B434D90D04EB}.Release|Any CPU.Build.0 = Release|Any CPU
	EndGlobalSection
	GlobalSection(SolutionProperties) = preSolution
		HideSolutionNode = FALSE
	EndGlobalSection
EndGlobal
